
Microsoft Visual Studio Solution File, Format Version 12.00
# Visual Studio Version 17
VisualStudioVersion = 17.8.34525.116
MinimumVisualStudioVersion = 10.0.40219.1
Project("{FAE04EC0-301F-11D3-BF4B-00C04F79EFBC}") = "2324_2Y_Integ_2A_WindowEventsAndManagement", "2324_2Y_Integ_2A_WindowEventsAndManagement\2324_2Y_Integ_2A_WindowEventsAndManagement.csproj", "{630D4ED8-54EF-456F-9CAF-422040DA087B}"
EndProject
Global
	GlobalSection(SolutionConfigurationPlatforms) = preSolution
		Debug|Any CPU = Debug|Any CPU
		Release|Any CPU = Release|Any CPU
	EndGlobalSection
	GlobalSection(ProjectConfigurationPlatforms) = postSolution
		{630D4ED8-54EF-456F-9CAF-422040DA087B}.Debug|Any CPU.ActiveCfg = Debug|Any CPU
		{630D4ED8-54EF-456F-9CAF-422040DA087B}.Debug|Any CPU.Build.0 = Debug|Any CPU
		{630D4ED8-54EF-456F-9CAF-422040DA087B}.Release|Any CPU.ActiveCfg = Release|Any CPU
		{630D4ED8-54EF-456F-9CAF-422040DA087B}.Release|Any CPU.Build.0 = Release|Any CPU
	EndGlobalSection
	GlobalSection(SolutionProperties) = preSolution
		HideSolutionNode = FALSE
	EndGlobalSection
	GlobalSection(ExtensibilityGlobals) = postSolution
		SolutionGuid = {E9CCE57A-F109-445E-BA5E-D41FB4639D82}
	EndGlobalSection
EndGlobal
